
Microsoft Visual Studio Solution File, Format Version 12.00
# Visual Studio Version 17
VisualStudioVersion = 17.9.34728.123
MinimumVisualStudioVersion = 10.0.40219.1
Project("{FAE04EC0-301F-11D3-BF4B-00C04F79EFBC}") = "Assignment 10.1", "Assignment 10.1.csproj", "{59BCA7E3-DE84-477B-8E69-FE6BFFAB51B7}"
EndProject
Global
	GlobalSection(SolutionConfigurationPlatforms) = preSolution
		Debug|Any CPU = Debug|Any CPU
		Release|Any CPU = Release|Any CPU
	EndGlobalSection
	GlobalSection(ProjectConfigurationPlatforms) = postSolution
		{59BCA7E3-DE84-477B-8E69-FE6BFFAB51B7}.Debug|Any CPU.ActiveCfg = Debug|Any CPU
		{59BCA7E3-DE84-477B-8E69-FE6BFFAB51B7}.Debug|Any CPU.Build.0 = Debug|Any CPU
		{59BCA7E3-DE84-477B-8E69-FE6BFFAB51B7}.Release|Any CPU.ActiveCfg = Release|Any CPU
		{59BCA7E3-DE84-477B-8E69-FE6BFFAB51B7}.Release|Any CPU.Build.0 = Release|Any CPU
	EndGlobalSection
	GlobalSection(SolutionProperties) = preSolution
		HideSolutionNode = FALSE
	EndGlobalSection
	GlobalSection(ExtensibilityGlobals) = postSolution
		SolutionGuid = {6DE0C6B5-3EF4-4F2B-A239-B3174966C73E}
	EndGlobalSection
EndGlobal
